<?xml version="1.0" encoding="utf-8"?>
<Project ToolsVersion="4.0" xmlns="http://schemas.microsoft.com/developer/msbuild/2003">
  <ItemGroup>
    <Filter Include="源文件">
      <UniqueIdentifier>{4FC737F1-C7A5-4376-A066-2A32D752A2FF}</UniqueIdentifier>
      <Extensions>cpp;c;cc;cxx;def;odl;idl;hpj;bat;asm;asmx</Extensions>
    </Filter>
    <Filter Include="资源文件">
      <UniqueIdentifier>{67DA6AB6-F800-4c08-8B7A-83BB121AAD01}</UniqueIdentifier>
      <Extensions>rc;ico;cur;bmp;dlg;rc2;rct;bin;rgs;gif;jpg;jpeg;jpe;resx;tiff;tif;png;wav;mfcribbon-ms</Extensions>
    </Filter>
    <Filter Include="string">
      <UniqueIdentifier>{f200dac1-d6d2-47d5-b0b2-dba4c8d05e46}</UniqueIdentifier>
    </Filter>
    <Filter Include="list">
      <UniqueIdentifier>{292fb5dc-1d25-4a3b-9d4f-28f0b986a48b}</UniqueIdentifier>
    </Filter>
    <Filter Include="array">
      <UniqueIdentifier>{79e06eae-7f66-422d-94d5-3d0015cdc8d5}</UniqueIdentifier>
    </Filter>
    <Filter Include="symbol">
      <UniqueIdentifier>{b1dd1d58-cc6a-49c2-8373-6c24d18d3252}</UniqueIdentifier>
    </Filter>
    <Filter Include="permutation">
      <UniqueIdentifier>{c20add36-00b9-4224-81f5-40c912d60f7e}</UniqueIdentifier>
    </Filter>
    <Filter Include="number">
      <UniqueIdentifier>{14036f62-0306-4b79-8bf1-f60dc5cc688a}</UniqueIdentifier>
    </Filter>
  </ItemGroup>
  <ItemGroup>
    <ClCompile Include="main.cpp">
      <Filter>源文件</Filter>
    </ClCompile>
    <ClCompile Include="string\big_numer.cpp">
      <Filter>string</Filter>
    </ClCompile>
    <ClCompile Include="number\number.cpp">
      <Filter>number</Filter>
    </ClCompile>
    <ClCompile Include="string\expression.cpp">
      <Filter>string</Filter>
    </ClCompile>
  </ItemGroup>
  <ItemGroup>
    <ClInclude Include="string\big_numer.h">
      <Filter>string</Filter>
    </ClInclude>
    <ClInclude Include="string\longest_substr.h">
      <Filter>string</Filter>
    </ClInclude>
    <ClInclude Include="string\z_string.h">
      <Filter>string</Filter>
    </ClInclude>
    <ClInclude Include="string\palindrome.h">
      <Filter>string</Filter>
    </ClInclude>
    <ClInclude Include="string\leetcode_str.h">
      <Filter>string</Filter>
    </ClInclude>
    <ClInclude Include="string\str_to_i.h">
      <Filter>string</Filter>
    </ClInclude>
    <ClInclude Include="array\bucket.h">
      <Filter>array</Filter>
    </ClInclude>
    <ClInclude Include="array\my_array.h">
      <Filter>array</Filter>
    </ClInclude>
    <ClInclude Include="array\three_number.h">
      <Filter>array</Filter>
    </ClInclude>
    <ClInclude Include="string\permutation.h">
      <Filter>string</Filter>
    </ClInclude>
    <ClInclude Include="list\add_two_number.h">
      <Filter>list</Filter>
    </ClInclude>
    <ClInclude Include="list\leetcode_list.h">
      <Filter>list</Filter>
    </ClInclude>
    <ClInclude Include="symbol\leetcode_symbol.h">
      <Filter>symbol</Filter>
    </ClInclude>
    <ClInclude Include="symbol\bracket.h">
      <Filter>symbol</Filter>
    </ClInclude>
    <ClInclude Include="list\swap_pair.h">
      <Filter>list</Filter>
    </ClInclude>
    <ClInclude Include="permutation\leetcode_permutation.h">
      <Filter>permutation</Filter>
    </ClInclude>
    <ClInclude Include="permutation\next_permutation.h">
      <Filter>permutation</Filter>
    </ClInclude>
    <ClInclude Include="array\circle_array.h">
      <Filter>array</Filter>
    </ClInclude>
    <ClInclude Include="array\binary_search.h">
      <Filter>array</Filter>
    </ClInclude>
    <ClInclude Include="array\combination_sum.h">
      <Filter>array</Filter>
    </ClInclude>
    <ClInclude Include="number\number.h">
      <Filter>number</Filter>
    </ClInclude>
    <ClInclude Include="string\expression.h">
      <Filter>string</Filter>
    </ClInclude>
  </ItemGroup>
</Project>